
Microsoft Visual Studio Solution File, Format Version 12.00
# Visual Studio Version 17
VisualStudioVersion = 17.11.35219.272
MinimumVisualStudioVersion = 10.0.40219.1
Project("{FAE04EC0-301F-11D3-BF4B-00C04F79EFBC}") = "APIConsume", "APIConsume\APIConsume.csproj", "{6827BA9B-9976-4E35-9951-7B64716719D3}"
EndProject
Global
	GlobalSection(SolutionConfigurationPlatforms) = preSolution
		Debug|Any CPU = Debug|Any CPU
		Release|Any CPU = Release|Any CPU
	EndGlobalSection
	GlobalSection(ProjectConfigurationPlatforms) = postSolution
		{6827BA9B-9976-4E35-9951-7B64716719D3}.Debug|Any CPU.ActiveCfg = Debug|Any CPU
		{6827BA9B-9976-4E35-9951-7B64716719D3}.Debug|Any CPU.Build.0 = Debug|Any CPU
		{6827BA9B-9976-4E35-9951-7B64716719D3}.Release|Any CPU.ActiveCfg = Release|Any CPU
		{6827BA9B-9976-4E35-9951-7B64716719D3}.Release|Any CPU.Build.0 = Release|Any CPU
	EndGlobalSection
	GlobalSection(SolutionProperties) = preSolution
		HideSolutionNode = FALSE
	EndGlobalSection
	GlobalSection(ExtensibilityGlobals) = postSolution
		SolutionGuid = {37FA0C6E-4A5B-4EBE-82A1-E89D75520CBB}
	EndGlobalSection
EndGlobal
